{
  "name": "LabWork6",
  "lockfileVersion": 3,
  "requires": true,
  "packages": {
    "": {
      "dependencies": {
        "@ionic/storage": "^4.0.0",
        "cordova-sqlite-storage": "^6.1.0"
      }
    },
    "node_modules/@ionic/storage": {
      "version": "4.0.0",
      "resolved": "https://registry.npmjs.org/@ionic/storage/-/storage-4.0.0.tgz",
      "integrity": "sha512-3N21P19Xk6cICLnSXZ3ilRqbSXAGSFeIF3HNqz+1kARcm0UFT/vwmZreaXtFyq437vvEWOfJ2enlj3JHLKS0FA==",
      "dependencies": {
        "localforage": "^1.9.0"
      }
    },
    "node_modules/cordova-sqlite-storage": {
      "version": "6.1.0",
      "resolved": "https://registry.npmjs.org/cordova-sqlite-storage/-/cordova-sqlite-storage-6.1.0.tgz",
      "integrity": "sha512-ko/edy+u9MJVYrXdB6OXUklH0eIRWpa/Rvang7YkvQvsswc9vZr0pM/Ty6eX0MJtLOMJuCXIOiiHZZZbZSZikw==",
      "dependencies": {
        "cordova-sqlite-storage-dependencies": "4.1.0"
      }
    },
    "node_modules/cordova-sqlite-storage-dependencies": {
      "version": "4.1.0",
      "resolved": "https://registry.npmjs.org/cordova-sqlite-storage-dependencies/-/cordova-sqlite-storage-dependencies-4.1.0.tgz",
      "integrity": "sha512-D0ZXfNkS3z9GO+Ha2rC2odvOOMcx/moL8lpVDFxXqcsCEZbJimuki4wZfdrQrGlNd/d7r4DNodljRmO20v6Ntg=="
    },
    "node_modules/immediate": {
      "version": "3.0.6",
      "resolved": "https://registry.npmjs.org/immediate/-/immediate-3.0.6.tgz",
      "integrity": "sha512-XXOFtyqDjNDAQxVfYxuF7g9Il/IbWmmlQg2MYKOH8ExIT1qg6xc4zyS3HaEEATgs1btfzxq15ciUiY7gjSXRGQ=="
    },
    "node_modules/lie": {
      "version": "3.1.1",
      "resolved": "https://registry.npmjs.org/lie/-/lie-3.1.1.tgz",
      "integrity": "sha512-RiNhHysUjhrDQntfYSfY4MU24coXXdEOgw9WGcKHNeEwffDYbF//u87M1EWaMGzuFoSbqW0C9C6lEEhDOAswfw==",
      "dependencies": {
        "immediate": "~3.0.5"
      }
    },
    "node_modules/localforage": {
      "version": "1.10.0",
      "resolved": "https://registry.npmjs.org/localforage/-/localforage-1.10.0.tgz",
      "integrity": "sha512-14/H1aX7hzBBmmh7sGPd+AOMkkIrHM3Z1PAyGgZigA1H1p5O5ANnMyWzvpAETtG68/dC4pC0ncy3+PPGzXZHPg==",
      "dependencies": {
        "lie": "3.1.1"
      }
    }
  }
}
